// !$*UTF8*$!
{
	archiveVersion = 1;
	classes = {
	};
	objectVersion = 46;
	objects = {

/* Begin PBXBuildFile section */
		CE08AC721CB32C35008F933D /* ANEhelper.h in Headers */ = {isa = PBXBuildFile; fileRef = CE08AC701CB32C35008F933D /* ANEhelper.h */; };
		CE08AC731CB32C35008F933D /* json.hpp in Headers */ = {isa = PBXBuildFile; fileRef = CE08AC711CB32C35008F933D /* json.hpp */; };
		CE08AC771CB32C88008F933D /* ANEhelper.cpp in Sources */ = {isa = PBXBuildFile; fileRef = CE08AC741CB32C88008F933D /* ANEhelper.cpp */; };
		CE08AC781CB32C88008F933D /* Constants.hpp in Headers */ = {isa = PBXBuildFile; fileRef = CE08AC751CB32C88008F933D /* Constants.hpp */; };
		CE08AC791CB32C88008F933D /* Settings.hpp in Headers */ = {isa = PBXBuildFile; fileRef = CE08AC761CB32C88008F933D /* Settings.hpp */; };
		CE2C58601CB45A8B0013A858 /* Adobe AIR_64 in Frameworks */ = {isa = PBXBuildFile; fileRef = CE2C585D1CB45A8B0013A858 /* Adobe AIR_64 */; };
		CE2C58611CB45A8B0013A858 /* Adobe AIR in Frameworks */ = {isa = PBXBuildFile; fileRef = CE2C585E1CB45A8B0013A858 /* Adobe AIR */; };
		CE2C586E1CB463C20013A858 /* BitTorrentANE.cpp in Sources */ = {isa = PBXBuildFile; fileRef = CE2C586D1CB463C20013A858 /* BitTorrentANE.cpp */; };
		CE44D2281DBBCBA400A6344C /* Cocoa.framework in Frameworks */ = {isa = PBXBuildFile; fileRef = CE44D2271DBBCBA400A6344C /* Cocoa.framework */; };
		CED842501D287120008AC387 /* BitTorrentANE.h in Headers */ = {isa = PBXBuildFile; fileRef = CED8424F1D287120008AC387 /* BitTorrentANE.h */; };
/* End PBXBuildFile section */

/* Begin PBXFileReference section */
		CE08AC561CB32B92008F933D /* BitTorrentANE.framework */ = {isa = PBXFileReference; explicitFileType = wrapper.framework; includeInIndex = 0; path = BitTorrentANE.framework; sourceTree = BUILT_PRODUCTS_DIR; };
		CE08AC5B1CB32B92008F933D /* Info.plist */ = {isa = PBXFileReference; lastKnownFileType = text.plist.xml; path = Info.plist; sourceTree = "<group>"; };
		CE08AC701CB32C35008F933D /* ANEhelper.h */ = {isa = PBXFileReference; fileEncoding = 4; lastKnownFileType = sourcecode.c.h; name = ANEhelper.h; path = ../../../include/ANEhelper.h; sourceTree = "<group>"; };
		CE08AC711CB32C35008F933D /* json.hpp */ = {isa = PBXFileReference; fileEncoding = 4; lastKnownFileType = sourcecode.cpp.h; name = json.hpp; path = ../../../include/json.hpp; sourceTree = "<group>"; };
		CE08AC741CB32C88008F933D /* ANEhelper.cpp */ = {isa = PBXFileReference; fileEncoding = 4; lastKnownFileType = sourcecode.cpp.cpp; name = ANEhelper.cpp; path = ../../../source/ANEhelper.cpp; sourceTree = "<group>"; };
		CE08AC751CB32C88008F933D /* Constants.hpp */ = {isa = PBXFileReference; fileEncoding = 4; lastKnownFileType = sourcecode.cpp.h; name = Constants.hpp; path = ../../../source/Constants.hpp; sourceTree = "<group>"; };
		CE08AC761CB32C88008F933D /* Settings.hpp */ = {isa = PBXFileReference; fileEncoding = 4; lastKnownFileType = sourcecode.cpp.h; name = Settings.hpp; path = ../../../source/Settings.hpp; sourceTree = "<group>"; };
		CE2C585D1CB45A8B0013A858 /* Adobe AIR_64 */ = {isa = PBXFileReference; lastKnownFileType = "compiled.mach-o.dylib"; name = "Adobe AIR_64"; path = "/Applications/Adobe Flash Builder 4.7/sdks/4.6.0/runtimes/air/mac/Adobe AIR.framework/Versions/1.0/Adobe AIR_64"; sourceTree = "<absolute>"; };
		CE2C585E1CB45A8B0013A858 /* Adobe AIR */ = {isa = PBXFileReference; lastKnownFileType = "compiled.mach-o.dylib"; name = "Adobe AIR"; path = "/Applications/Adobe Flash Builder 4.7/sdks/4.6.0/runtimes/air/mac/Adobe AIR.framework/Versions/1.0/Adobe AIR"; sourceTree = "<absolute>"; };
		CE2C58651CB45BF50013A858 /* libtorrent-rasterbar.a */ = {isa = PBXFileReference; lastKnownFileType = archive.ar; name = "libtorrent-rasterbar.a"; path = "../../../../../../../usr/local/lib/libtorrent-rasterbar.a"; sourceTree = "<group>"; };
		CE2C58691CB45CEB0013A858 /* BitTorrentANE_Prefix.pch */ = {isa = PBXFileReference; lastKnownFileType = sourcecode.c.h; path = BitTorrentANE_Prefix.pch; sourceTree = "<group>"; };
		CE2C586D1CB463C20013A858 /* BitTorrentANE.cpp */ = {isa = PBXFileReference; fileEncoding = 4; indentWidth = 4; lastKnownFileType = sourcecode.cpp.cpp; lineEnding = 2; name = BitTorrentANE.cpp; path = ../../../source/BitTorrentANE.cpp; sourceTree = "<group>"; tabWidth = 1; wrapsLines = 0; };
		CE4153F11D2489AC000F3BBE /* libboost_chrono-mt.a */ = {isa = PBXFileReference; lastKnownFileType = archive.ar; name = "libboost_chrono-mt.a"; path = "../../../../../../../usr/local/lib/libboost_chrono-mt.a"; sourceTree = "<group>"; };
		CE4153F21D248A45000F3BBE /* libboost_random-mt.a */ = {isa = PBXFileReference; lastKnownFileType = archive.ar; name = "libboost_random-mt.a"; path = "../../../../../../../usr/local/lib/libboost_random-mt.a"; sourceTree = "<group>"; };
		CE4153F31D248BD1000F3BBE /* libboost_system-mt.a */ = {isa = PBXFileReference; lastKnownFileType = archive.ar; name = "libboost_system-mt.a"; path = "../../../../../../../usr/local/lib/libboost_system-mt.a"; sourceTree = "<group>"; };
		CE4153F51D248CD7000F3BBE /* libboost_thread-mt.a */ = {isa = PBXFileReference; lastKnownFileType = archive.ar; name = "libboost_thread-mt.a"; path = "../../../../../../../usr/local/Cellar/boost/1.60.0_2/lib/libboost_thread-mt.a"; sourceTree = "<group>"; };
		CE44D2271DBBCBA400A6344C /* Cocoa.framework */ = {isa = PBXFileReference; lastKnownFileType = wrapper.framework; name = Cocoa.framework; path = System/Library/Frameworks/Cocoa.framework; sourceTree = SDKROOT; };
		CE44D2291DBBCBAF00A6344C /* Cocoa.framework */ = {isa = PBXFileReference; lastKnownFileType = wrapper.framework; name = Cocoa.framework; path = System/Library/Frameworks/Cocoa.framework; sourceTree = SDKROOT; };
		CED8424F1D287120008AC387 /* BitTorrentANE.h */ = {isa = PBXFileReference; fileEncoding = 4; lastKnownFileType = sourcecode.c.h; name = BitTorrentANE.h; path = ../../../include/BitTorrentANE.h; sourceTree = "<group>"; };
/* End PBXFileReference section */

/* Begin PBXFrameworksBuildPhase section */
		CE08AC521CB32B92008F933D /* Frameworks */ = {
			isa = PBXFrameworksBuildPhase;
			buildActionMask = 2147483647;
			files = (
				CE44D2281DBBCBA400A6344C /* Cocoa.framework in Frameworks */,
				CE2C58611CB45A8B0013A858 /* Adobe AIR in Frameworks */,
				CE2C58601CB45A8B0013A858 /* Adobe AIR_64 in Frameworks */,
			);
			runOnlyForDeploymentPostprocessing = 0;
		};
/* End PBXFrameworksBuildPhase section */

/* Begin PBXGroup section */
		CE08AC4C1CB32B92008F933D = {
			isa = PBXGroup;
			children = (
				CE2C585D1CB45A8B0013A858 /* Adobe AIR_64 */,
				CE2C585E1CB45A8B0013A858 /* Adobe AIR */,
				CE4153F21D248A45000F3BBE /* libboost_random-mt.a */,
				CE4153F11D2489AC000F3BBE /* libboost_chrono-mt.a */,
				CE4153F51D248CD7000F3BBE /* libboost_thread-mt.a */,
				CE4153F31D248BD1000F3BBE /* libboost_system-mt.a */,
				CE2C58651CB45BF50013A858 /* libtorrent-rasterbar.a */,
				CE44D2291DBBCBAF00A6344C /* Cocoa.framework */,
				CE08AC581CB32B92008F933D /* BitTorrentANE */,
				CE08AC571CB32B92008F933D /* Products */,
				CE44D2261DBBCBA400A6344C /* Frameworks */,
			);
			sourceTree = "<group>";
			tabWidth = 1;
			usesTabs = 1;
		};
		CE08AC571CB32B92008F933D /* Products */ = {
			isa = PBXGroup;
			children = (
				CE08AC561CB32B92008F933D /* BitTorrentANE.framework */,
			);
			name = Products;
			sourceTree = "<group>";
		};
		CE08AC581CB32B92008F933D /* BitTorrentANE */ = {
			isa = PBXGroup;
			children = (
				CED8424F1D287120008AC387 /* BitTorrentANE.h */,
				CE2C586D1CB463C20013A858 /* BitTorrentANE.cpp */,
				CE08AC741CB32C88008F933D /* ANEhelper.cpp */,
				CE08AC751CB32C88008F933D /* Constants.hpp */,
				CE08AC761CB32C88008F933D /* Settings.hpp */,
				CE08AC701CB32C35008F933D /* ANEhelper.h */,
				CE08AC711CB32C35008F933D /* json.hpp */,
				CE08AC5B1CB32B92008F933D /* Info.plist */,
				CE2C58691CB45CEB0013A858 /* BitTorrentANE_Prefix.pch */,
			);
			path = BitTorrentANE;
			sourceTree = "<group>";
		};
		CE44D2261DBBCBA400A6344C /* Frameworks */ = {
			isa = PBXGroup;
			children = (
				CE44D2271DBBCBA400A6344C /* Cocoa.framework */,
			);
			name = Frameworks;
			sourceTree = "<group>";
		};
/* End PBXGroup section */

/* Begin PBXHeadersBuildPhase section */
		CE08AC531CB32B92008F933D /* Headers */ = {
			isa = PBXHeadersBuildPhase;
			buildActionMask = 2147483647;
			files = (
				CE08AC781CB32C88008F933D /* Constants.hpp in Headers */,
				CED842501D287120008AC387 /* BitTorrentANE.h in Headers */,
				CE08AC731CB32C35008F933D /* json.hpp in Headers */,
				CE08AC791CB32C88008F933D /* Settings.hpp in Headers */,
				CE08AC721CB32C35008F933D /* ANEhelper.h in Headers */,
			);
			runOnlyForDeploymentPostprocessing = 0;
		};
/* End PBXHeadersBuildPhase section */

/* Begin PBXNativeTarget section */
		CE08AC551CB32B92008F933D /* BitTorrentANE */ = {
			isa = PBXNativeTarget;
			buildConfigurationList = CE08AC6A1CB32B92008F933D /* Build configuration list for PBXNativeTarget "BitTorrentANE" */;
			buildPhases = (
				CE08AC511CB32B92008F933D /* Sources */,
				CE08AC521CB32B92008F933D /* Frameworks */,
				CE08AC531CB32B92008F933D /* Headers */,
				CE08AC541CB32B92008F933D /* Resources */,
				CE52C3571CC1C32100D5C52B /* ShellScript */,
			);
			buildRules = (
			);
			dependencies = (
			);
			name = BitTorrentANE;
			productName = BitTorrentANE;
			productReference = CE08AC561CB32B92008F933D /* BitTorrentANE.framework */;
			productType = "com.apple.product-type.framework";
		};
/* End PBXNativeTarget section */

/* Begin PBXProject section */
		CE08AC4D1CB32B92008F933D /* Project object */ = {
			isa = PBXProject;
			attributes = {
				LastUpgradeCheck = 0730;
				ORGANIZATIONNAME = "Tua Rua Ltd";
				TargetAttributes = {
					CE08AC551CB32B92008F933D = {
						CreatedOnToolsVersion = 7.3;
					};
				};
			};
			buildConfigurationList = CE08AC501CB32B92008F933D /* Build configuration list for PBXProject "BitTorrentANE" */;
			compatibilityVersion = "Xcode 3.2";
			developmentRegion = English;
			hasScannedForEncodings = 0;
			knownRegions = (
				en,
			);
			mainGroup = CE08AC4C1CB32B92008F933D;
			productRefGroup = CE08AC571CB32B92008F933D /* Products */;
			projectDirPath = "";
			projectRoot = "";
			targets = (
				CE08AC551CB32B92008F933D /* BitTorrentANE */,
			);
		};
/* End PBXProject section */

/* Begin PBXResourcesBuildPhase section */
		CE08AC541CB32B92008F933D /* Resources */ = {
			isa = PBXResourcesBuildPhase;
			buildActionMask = 2147483647;
			files = (
			);
			runOnlyForDeploymentPostprocessing = 0;
		};
/* End PBXResourcesBuildPhase section */

/* Begin PBXShellScriptBuildPhase section */
		CE52C3571CC1C32100D5C52B /* ShellScript */ = {
			isa = PBXShellScriptBuildPhase;
			buildActionMask = 2147483647;
			files = (
			);
			inputPaths = (
			);
			outputPaths = (
			);
			runOnlyForDeploymentPostprocessing = 0;
			shellPath = /bin/sh;
			shellScript = ../../../native_extension/ane/build_multi.sh;
		};
/* End PBXShellScriptBuildPhase section */

/* Begin PBXSourcesBuildPhase section */
		CE08AC511CB32B92008F933D /* Sources */ = {
			isa = PBXSourcesBuildPhase;
			buildActionMask = 2147483647;
			files = (
				CE08AC771CB32C88008F933D /* ANEhelper.cpp in Sources */,
				CE2C586E1CB463C20013A858 /* BitTorrentANE.cpp in Sources */,
			);
			runOnlyForDeploymentPostprocessing = 0;
		};
/* End PBXSourcesBuildPhase section */

/* Begin XCBuildConfiguration section */
		CE08AC681CB32B92008F933D /* Debug */ = {
			isa = XCBuildConfiguration;
			buildSettings = {
				ALWAYS_SEARCH_USER_PATHS = NO;
				ARCHS = "$(ARCHS_STANDARD_64_BIT)";
				CLANG_ANALYZER_NONNULL = YES;
				CLANG_CXX_LANGUAGE_STANDARD = "gnu++0x";
				CLANG_CXX_LIBRARY = "libc++";
				CLANG_ENABLE_MODULES = YES;
				CLANG_ENABLE_OBJC_ARC = YES;
				CLANG_WARN_BOOL_CONVERSION = YES;
				CLANG_WARN_CONSTANT_CONVERSION = YES;
				CLANG_WARN_DIRECT_OBJC_ISA_USAGE = YES_ERROR;
				CLANG_WARN_EMPTY_BODY = YES;
				CLANG_WARN_ENUM_CONVERSION = YES;
				CLANG_WARN_INT_CONVERSION = YES;
				CLANG_WARN_OBJC_ROOT_CLASS = YES_ERROR;
				CLANG_WARN_UNREACHABLE_CODE = YES;
				CLANG_WARN__DUPLICATE_METHOD_MATCH = YES;
				CODE_SIGN_IDENTITY = "-";
				COPY_PHASE_STRIP = YES;
				CURRENT_PROJECT_VERSION = 1;
				DEBUG_INFORMATION_FORMAT = dwarf;
				ENABLE_STRICT_OBJC_MSGSEND = YES;
				ENABLE_TESTABILITY = YES;
				GCC_C_LANGUAGE_STANDARD = gnu99;
				GCC_DYNAMIC_NO_PIC = NO;
				GCC_NO_COMMON_BLOCKS = YES;
				GCC_OPTIMIZATION_LEVEL = 0;
				GCC_PREPROCESSOR_DEFINITIONS = (
					"DEBUG=1",
					"$(inherited)",
				);
				GCC_WARN_64_TO_32_BIT_CONVERSION = YES;
				GCC_WARN_ABOUT_RETURN_TYPE = YES_ERROR;
				GCC_WARN_UNDECLARED_SELECTOR = YES;
				GCC_WARN_UNINITIALIZED_AUTOS = YES_AGGRESSIVE;
				GCC_WARN_UNUSED_FUNCTION = YES;
				GCC_WARN_UNUSED_VARIABLE = YES;
				MACOSX_DEPLOYMENT_TARGET = 10.8;
				MTL_ENABLE_DEBUG_INFO = YES;
				ONLY_ACTIVE_ARCH = YES;
				SDKROOT = macosx;
				VERSIONING_SYSTEM = "apple-generic";
				VERSION_INFO_PREFIX = "";
			};
			name = Debug;
		};
		CE08AC691CB32B92008F933D /* Release */ = {
			isa = XCBuildConfiguration;
			buildSettings = {
				ALWAYS_SEARCH_USER_PATHS = NO;
				ARCHS = "$(ARCHS_STANDARD_64_BIT)";
				CLANG_ANALYZER_NONNULL = YES;
				CLANG_CXX_LANGUAGE_STANDARD = "gnu++0x";
				CLANG_CXX_LIBRARY = "libc++";
				CLANG_ENABLE_MODULES = YES;
				CLANG_ENABLE_OBJC_ARC = YES;
				CLANG_WARN_BOOL_CONVERSION = YES;
				CLANG_WARN_CONSTANT_CONVERSION = YES;
				CLANG_WARN_DIRECT_OBJC_ISA_USAGE = YES_ERROR;
				CLANG_WARN_EMPTY_BODY = YES;
				CLANG_WARN_ENUM_CONVERSION = YES;
				CLANG_WARN_INT_CONVERSION = YES;
				CLANG_WARN_OBJC_ROOT_CLASS = YES_ERROR;
				CLANG_WARN_UNREACHABLE_CODE = YES;
				CLANG_WARN__DUPLICATE_METHOD_MATCH = YES;
				CODE_SIGN_IDENTITY = "-";
				COPY_PHASE_STRIP = YES;
				CURRENT_PROJECT_VERSION = 1;
				DEBUG_INFORMATION_FORMAT = "dwarf-with-dsym";
				ENABLE_NS_ASSERTIONS = NO;
				ENABLE_STRICT_OBJC_MSGSEND = YES;
				GCC_C_LANGUAGE_STANDARD = gnu99;
				GCC_NO_COMMON_BLOCKS = YES;
				GCC_WARN_64_TO_32_BIT_CONVERSION = YES;
				GCC_WARN_ABOUT_RETURN_TYPE = YES_ERROR;
				GCC_WARN_UNDECLARED_SELECTOR = YES;
				GCC_WARN_UNINITIALIZED_AUTOS = YES_AGGRESSIVE;
				GCC_WARN_UNUSED_FUNCTION = YES;
				GCC_WARN_UNUSED_VARIABLE = YES;
				MACOSX_DEPLOYMENT_TARGET = 10.8;
				MTL_ENABLE_DEBUG_INFO = NO;
				SDKROOT = macosx;
				VERSIONING_SYSTEM = "apple-generic";
				VERSION_INFO_PREFIX = "";
			};
			name = Release;
		};
		CE08AC6B1CB32B92008F933D /* Debug */ = {
			isa = XCBuildConfiguration;
			buildSettings = {
				COMBINE_HIDPI_IMAGES = YES;
				DEFINES_MODULE = YES;
				DYLIB_COMPATIBILITY_VERSION = 1;
				DYLIB_CURRENT_VERSION = 1;
				DYLIB_INSTALL_NAME_BASE = "@rpath";
				FRAMEWORK_SEARCH_PATHS = (
					"\"$(SYSTEM_APPS_DIR)/Adobe Flash Builder 4.7/sdks/4.6.0/runtimes/air/mac\"",
					/usr/local/lib,
				);
				FRAMEWORK_VERSION = A;
				GCC_PREFIX_HEADER = BitTorrentANE/BitTorrentANE_Prefix.pch;
				HEADER_SEARCH_PATHS = (
					../../include,
					../../include/mac,
					/usr/local/include,
					/usr/local/opt/openssl/include,
				);
				INFOPLIST_FILE = BitTorrentANE/Info.plist;
				INSTALL_PATH = "$(LOCAL_LIBRARY_DIR)/Frameworks";
				LD_RUNPATH_SEARCH_PATHS = "$(inherited) @executable_path/../Frameworks @loader_path/Frameworks";
				LIBRARY_SEARCH_PATHS = (
					"\"$(SYSTEM_APPS_DIR)/Adobe Flash Builder 4.7/sdks/4.6.0/runtimes/air/mac\"",
					/usr/local/lib,
					/usr/local/Cellar/boost/1.60.0_2/lib,
				);
				OTHER_CFLAGS = "-fvisibility=hidden";
				OTHER_LDFLAGS = (
					"-weak_framework",
					"\"Adobe AIR\"",
					"-w",
					"/usr/local/lib/libboost_random-mt.a",
					"/usr/local/lib/libboost_thread-mt.a",
					"/usr/local/lib/libboost_system-mt.a",
					"/usr/local/lib/libboost_chrono-mt.a",
					"/usr/local/lib/libtorrent-rasterbar.a",
					/usr/local/opt/openssl/lib/libcrypto.a,
					/usr/local/opt/openssl/lib/libssl.a,
					/usr/local/opt/geoip/lib/libGeoIP.a,
				);
				PRODUCT_BUNDLE_IDENTIFIER = com.tuarua.BitTorrentANE;
				PRODUCT_NAME = "$(TARGET_NAME)";
				SKIP_INSTALL = YES;
				USER_HEADER_SEARCH_PATHS = /usr/local/include;
			};
			name = Debug;
		};
		CE08AC6C1CB32B92008F933D /* Release */ = {
			isa = XCBuildConfiguration;
			buildSettings = {
				COMBINE_HIDPI_IMAGES = YES;
				DEFINES_MODULE = YES;
				DYLIB_COMPATIBILITY_VERSION = 1;
				DYLIB_CURRENT_VERSION = 1;
				DYLIB_INSTALL_NAME_BASE = "@rpath";
				FRAMEWORK_SEARCH_PATHS = (
					"\"$(SYSTEM_APPS_DIR)/Adobe Flash Builder 4.7/sdks/4.6.0/runtimes/air/mac\"",
					/usr/local/lib,
				);
				FRAMEWORK_VERSION = A;
				GCC_PREFIX_HEADER = BitTorrentANE/BitTorrentANE_Prefix.pch;
				HEADER_SEARCH_PATHS = (
					../../include,
					../../include/mac,
					/usr/local/include,
					/usr/local/opt/openssl/include,
				);
				INFOPLIST_FILE = BitTorrentANE/Info.plist;
				INSTALL_PATH = "$(LOCAL_LIBRARY_DIR)/Frameworks";
				LD_RUNPATH_SEARCH_PATHS = "$(inherited) @executable_path/../Frameworks @loader_path/Frameworks";
				LIBRARY_SEARCH_PATHS = (
					"\"$(SYSTEM_APPS_DIR)/Adobe Flash Builder 4.7/sdks/4.6.0/runtimes/air/mac\"",
					/usr/local/lib,
					/usr/local/Cellar/boost/1.60.0_2/lib,
				);
				OTHER_CFLAGS = "-fvisibility=hidden";
				OTHER_LDFLAGS = (
					"-weak_framework",
					"\"Adobe AIR\"",
					"-w",
					"/usr/local/lib/libboost_random-mt.a",
					"/usr/local/lib/libboost_thread-mt.a",
					"/usr/local/lib/libboost_system-mt.a",
					"/usr/local/lib/libboost_chrono-mt.a",
					"/usr/local/lib/libtorrent-rasterbar.a",
					/usr/local/opt/openssl/lib/libcrypto.a,
					/usr/local/opt/openssl/lib/libssl.a,
					/usr/local/opt/geoip/lib/libGeoIP.a,
				);
				PRODUCT_BUNDLE_IDENTIFIER = com.tuarua.BitTorrentANE;
				PRODUCT_NAME = "$(TARGET_NAME)";
				SKIP_INSTALL = YES;
				USER_HEADER_SEARCH_PATHS = /usr/local/include;
			};
			name = Release;
		};
/* End XCBuildConfiguration section */

/* Begin XCConfigurationList section */
		CE08AC501CB32B92008F933D /* Build configuration list for PBXProject "BitTorrentANE" */ = {
			isa = XCConfigurationList;
			buildConfigurations = (
				CE08AC681CB32B92008F933D /* Debug */,
				CE08AC691CB32B92008F933D /* Release */,
			);
			defaultConfigurationIsVisible = 0;
			defaultConfigurationName = Release;
		};
		CE08AC6A1CB32B92008F933D /* Build configuration list for PBXNativeTarget "BitTorrentANE" */ = {
			isa = XCConfigurationList;
			buildConfigurations = (
				CE08AC6B1CB32B92008F933D /* Debug */,
				CE08AC6C1CB32B92008F933D /* Release */,
			);
			defaultConfigurationIsVisible = 0;
			defaultConfigurationName = Release;
		};
/* End XCConfigurationList section */
	};
	rootObject = CE08AC4D1CB32B92008F933D /* Project object */;
}
